
Microsoft Visual Studio Solution File, Format Version 12.00
# Visual Studio Version 17
VisualStudioVersion = 17.0.31903.59
MinimumVisualStudioVersion = 10.0.40219.1
Project("{FAE04EC0-301F-11D3-BF4B-00C04F79EFBC}") = "API", "API\API.csproj", "{BC4B2F46-3374-4E3E-B97E-D354973A7FE8}"
EndProject
Project("{FAE04EC0-301F-11D3-BF4B-00C04F79EFBC}") = "Application", "Application\Application.csproj", "{A35B8B38-4A7A-4CC3-8B47-ED799F1F333B}"
EndProject
Project("{FAE04EC0-301F-11D3-BF4B-00C04F79EFBC}") = "Domain", "Domain\Domain.csproj", "{0A31A17A-A97E-44A2-9C24-9E4CDFB60513}"
EndProject
Project("{FAE04EC0-301F-11D3-BF4B-00C04F79EFBC}") = "Persistence", "Persistence\Persistence.csproj", "{40090857-4950-444A-959E-856276435928}"
EndProject
Global
	GlobalSection(SolutionConfigurationPlatforms) = preSolution
		Debug|Any CPU = Debug|Any CPU
		Release|Any CPU = Release|Any CPU
	EndGlobalSection
	GlobalSection(SolutionProperties) = preSolution
		HideSolutionNode = FALSE
	EndGlobalSection
	GlobalSection(ProjectConfigurationPlatforms) = postSolution
		{BC4B2F46-3374-4E3E-B97E-D354973A7FE8}.Debug|Any CPU.ActiveCfg = Debug|Any CPU
		{BC4B2F46-3374-4E3E-B97E-D354973A7FE8}.Debug|Any CPU.Build.0 = Debug|Any CPU
		{BC4B2F46-3374-4E3E-B97E-D354973A7FE8}.Release|Any CPU.ActiveCfg = Release|Any CPU
		{BC4B2F46-3374-4E3E-B97E-D354973A7FE8}.Release|Any CPU.Build.0 = Release|Any CPU
		{A35B8B38-4A7A-4CC3-8B47-ED799F1F333B}.Debug|Any CPU.ActiveCfg = Debug|Any CPU
		{A35B8B38-4A7A-4CC3-8B47-ED799F1F333B}.Debug|Any CPU.Build.0 = Debug|Any CPU
		{A35B8B38-4A7A-4CC3-8B47-ED799F1F333B}.Release|Any CPU.ActiveCfg = Release|Any CPU
		{A35B8B38-4A7A-4CC3-8B47-ED799F1F333B}.Release|Any CPU.Build.0 = Release|Any CPU
		{0A31A17A-A97E-44A2-9C24-9E4CDFB60513}.Debug|Any CPU.ActiveCfg = Debug|Any CPU
		{0A31A17A-A97E-44A2-9C24-9E4CDFB60513}.Debug|Any CPU.Build.0 = Debug|Any CPU
		{0A31A17A-A97E-44A2-9C24-9E4CDFB60513}.Release|Any CPU.ActiveCfg = Release|Any CPU
		{0A31A17A-A97E-44A2-9C24-9E4CDFB60513}.Release|Any CPU.Build.0 = Release|Any CPU
		{40090857-4950-444A-959E-856276435928}.Debug|Any CPU.ActiveCfg = Debug|Any CPU
		{40090857-4950-444A-959E-856276435928}.Debug|Any CPU.Build.0 = Debug|Any CPU
		{40090857-4950-444A-959E-856276435928}.Release|Any CPU.ActiveCfg = Release|Any CPU
		{40090857-4950-444A-959E-856276435928}.Release|Any CPU.Build.0 = Release|Any CPU
	EndGlobalSection
EndGlobal
